// !$*UTF8*$!
{
	archiveVersion = 1;
	classes = {
	};
	objectVersion = 46;
	objects = {

/* Begin PBXBuildFile section */
		376F6440155B54220019E8DE /* UIKit.framework in Frameworks */ = {isa = PBXBuildFile; fileRef = 376F643F155B54220019E8DE /* UIKit.framework */; };
		376F6442155B54220019E8DE /* Foundation.framework in Frameworks */ = {isa = PBXBuildFile; fileRef = 376F6441155B54220019E8DE /* Foundation.framework */; };
		376F6444155B54220019E8DE /* CoreGraphics.framework in Frameworks */ = {isa = PBXBuildFile; fileRef = 376F6443155B54220019E8DE /* CoreGraphics.framework */; };
		376F644A155B54230019E8DE /* InfoPlist.strings in Resources */ = {isa = PBXBuildFile; fileRef = 376F6448155B54230019E8DE /* InfoPlist.strings */; };
		376F644C155B54230019E8DE /* main.m in Sources */ = {isa = PBXBuildFile; fileRef = 376F644B155B54230019E8DE /* main.m */; };
		376F6450155B54230019E8DE /* May10AppDelegate.m in Sources */ = {isa = PBXBuildFile; fileRef = 376F644F155B54230019E8DE /* May10AppDelegate.m */; };
		376F6453155B54230019E8DE /* May10ViewController.m in Sources */ = {isa = PBXBuildFile; fileRef = 376F6452155B54230019E8DE /* May10ViewController.m */; };
		376F6461155B55AB0019E8DE /* May10View.m in Sources */ = {isa = PBXBuildFile; fileRef = 376F6460155B55AB0019E8DE /* May10View.m */; };
		376F6464155B56380019E8DE /* Pearl.m in Sources */ = {isa = PBXBuildFile; fileRef = 376F6463155B56380019E8DE /* Pearl.m */; };
		376F6467155B58240019E8DE /* ModalViewController.m in Sources */ = {isa = PBXBuildFile; fileRef = 376F6466155B58240019E8DE /* ModalViewController.m */; };
		376F646A155B58AA0019E8DE /* ModalView.m in Sources */ = {isa = PBXBuildFile; fileRef = 376F6469155B58AA0019E8DE /* ModalView.m */; };
		376F646C155B59E10019E8DE /* QuartzCore.framework in Frameworks */ = {isa = PBXBuildFile; fileRef = 376F646B155B59E00019E8DE /* QuartzCore.framework */; };
		37D4C27F155BEE98007A2916 /* Icon.png in Resources */ = {isa = PBXBuildFile; fileRef = 37D4C27E155BEE98007A2916 /* Icon.png */; };
/* End PBXBuildFile section */

/* Begin PBXFileReference section */
		376F643B155B54220019E8DE /* May10.app */ = {isa = PBXFileReference; explicitFileType = wrapper.application; includeInIndex = 0; path = May10.app; sourceTree = BUILT_PRODUCTS_DIR; };
		376F643F155B54220019E8DE /* UIKit.framework */ = {isa = PBXFileReference; lastKnownFileType = wrapper.framework; name = UIKit.framework; path = System/Library/Frameworks/UIKit.framework; sourceTree = SDKROOT; };
		376F6441155B54220019E8DE /* Foundation.framework */ = {isa = PBXFileReference; lastKnownFileType = wrapper.framework; name = Foundation.framework; path = System/Library/Frameworks/Foundation.framework; sourceTree = SDKROOT; };
		376F6443155B54220019E8DE /* CoreGraphics.framework */ = {isa = PBXFileReference; lastKnownFileType = wrapper.framework; name = CoreGraphics.framework; path = System/Library/Frameworks/CoreGraphics.framework; sourceTree = SDKROOT; };
		376F6447155B54230019E8DE /* May10-Info.plist */ = {isa = PBXFileReference; lastKnownFileType = text.plist.xml; path = "May10-Info.plist"; sourceTree = "<group>"; };
		376F6449155B54230019E8DE /* en */ = {isa = PBXFileReference; lastKnownFileType = text.plist.strings; name = en; path = en.lproj/InfoPlist.strings; sourceTree = "<group>"; };
		376F644B155B54230019E8DE /* main.m */ = {isa = PBXFileReference; lastKnownFileType = sourcecode.c.objc; path = main.m; sourceTree = "<group>"; };
		376F644D155B54230019E8DE /* May10-Prefix.pch */ = {isa = PBXFileReference; lastKnownFileType = sourcecode.c.h; path = "May10-Prefix.pch"; sourceTree = "<group>"; };
		376F644E155B54230019E8DE /* May10AppDelegate.h */ = {isa = PBXFileReference; lastKnownFileType = sourcecode.c.h; path = May10AppDelegate.h; sourceTree = "<group>"; };
		376F644F155B54230019E8DE /* May10AppDelegate.m */ = {isa = PBXFileReference; lastKnownFileType = sourcecode.c.objc; path = May10AppDelegate.m; sourceTree = "<group>"; };
		376F6451155B54230019E8DE /* May10ViewController.h */ = {isa = PBXFileReference; lastKnownFileType = sourcecode.c.h; path = May10ViewController.h; sourceTree = "<group>"; };
		376F6452155B54230019E8DE /* May10ViewController.m */ = {isa = PBXFileReference; lastKnownFileType = sourcecode.c.objc; path = May10ViewController.m; sourceTree = "<group>"; };
		376F645F155B55AB0019E8DE /* May10View.h */ = {isa = PBXFileReference; fileEncoding = 4; lastKnownFileType = sourcecode.c.h; path = May10View.h; sourceTree = "<group>"; };
		376F6460155B55AB0019E8DE /* May10View.m */ = {isa = PBXFileReference; fileEncoding = 4; lastKnownFileType = sourcecode.c.objc; path = May10View.m; sourceTree = "<group>"; };
		376F6462155B56380019E8DE /* Pearl.h */ = {isa = PBXFileReference; fileEncoding = 4; lastKnownFileType = sourcecode.c.h; path = Pearl.h; sourceTree = "<group>"; };
		376F6463155B56380019E8DE /* Pearl.m */ = {isa = PBXFileReference; fileEncoding = 4; lastKnownFileType = sourcecode.c.objc; path = Pearl.m; sourceTree = "<group>"; };
		376F6465155B58240019E8DE /* ModalViewController.h */ = {isa = PBXFileReference; fileEncoding = 4; lastKnownFileType = sourcecode.c.h; path = ModalViewController.h; sourceTree = "<group>"; };
		376F6466155B58240019E8DE /* ModalViewController.m */ = {isa = PBXFileReference; fileEncoding = 4; lastKnownFileType = sourcecode.c.objc; path = ModalViewController.m; sourceTree = "<group>"; };
		376F6468155B58AA0019E8DE /* ModalView.h */ = {isa = PBXFileReference; fileEncoding = 4; lastKnownFileType = sourcecode.c.h; path = ModalView.h; sourceTree = "<group>"; };
		376F6469155B58AA0019E8DE /* ModalView.m */ = {isa = PBXFileReference; fileEncoding = 4; lastKnownFileType = sourcecode.c.objc; path = ModalView.m; sourceTree = "<group>"; };
		376F646B155B59E00019E8DE /* QuartzCore.framework */ = {isa = PBXFileReference; lastKnownFileType = wrapper.framework; name = QuartzCore.framework; path = System/Library/Frameworks/QuartzCore.framework; sourceTree = SDKROOT; };
		37D4C27E155BEE98007A2916 /* Icon.png */ = {isa = PBXFileReference; lastKnownFileType = image.png; path = Icon.png; sourceTree = "<group>"; };
/* End PBXFileReference section */

/* Begin PBXFrameworksBuildPhase section */
		376F6438155B54220019E8DE /* Frameworks */ = {
			isa = PBXFrameworksBuildPhase;
			buildActionMask = 2147483647;
			files = (
				376F646C155B59E10019E8DE /* QuartzCore.framework in Frameworks */,
				376F6440155B54220019E8DE /* UIKit.framework in Frameworks */,
				376F6442155B54220019E8DE /* Foundation.framework in Frameworks */,
				376F6444155B54220019E8DE /* CoreGraphics.framework in Frameworks */,
			);
			runOnlyForDeploymentPostprocessing = 0;
		};
/* End PBXFrameworksBuildPhase section */

/* Begin PBXGroup section */
		376F6430155B54220019E8DE = {
			isa = PBXGroup;
			children = (
				376F6445155B54230019E8DE /* May10 */,
				376F643E155B54220019E8DE /* Frameworks */,
				376F643C155B54220019E8DE /* Products */,
			);
			sourceTree = "<group>";
		};
		376F643C155B54220019E8DE /* Products */ = {
			isa = PBXGroup;
			children = (
				376F643B155B54220019E8DE /* May10.app */,
			);
			name = Products;
			sourceTree = "<group>";
		};
		376F643E155B54220019E8DE /* Frameworks */ = {
			isa = PBXGroup;
			children = (
				376F646B155B59E00019E8DE /* QuartzCore.framework */,
				376F643F155B54220019E8DE /* UIKit.framework */,
				376F6441155B54220019E8DE /* Foundation.framework */,
				376F6443155B54220019E8DE /* CoreGraphics.framework */,
			);
			name = Frameworks;
			sourceTree = "<group>";
		};
		376F6445155B54230019E8DE /* May10 */ = {
			isa = PBXGroup;
			children = (
				376F644E155B54230019E8DE /* May10AppDelegate.h */,
				376F644F155B54230019E8DE /* May10AppDelegate.m */,
				376F6451155B54230019E8DE /* May10ViewController.h */,
				376F6452155B54230019E8DE /* May10ViewController.m */,
				376F645F155B55AB0019E8DE /* May10View.h */,
				376F6460155B55AB0019E8DE /* May10View.m */,
				376F6462155B56380019E8DE /* Pearl.h */,
				376F6463155B56380019E8DE /* Pearl.m */,
				376F6465155B58240019E8DE /* ModalViewController.h */,
				376F6466155B58240019E8DE /* ModalViewController.m */,
				376F6468155B58AA0019E8DE /* ModalView.h */,
				376F6469155B58AA0019E8DE /* ModalView.m */,
				376F6446155B54230019E8DE /* Supporting Files */,
			);
			path = May10;
			sourceTree = "<group>";
		};
		376F6446155B54230019E8DE /* Supporting Files */ = {
			isa = PBXGroup;
			children = (
				37D4C27E155BEE98007A2916 /* Icon.png */,
				376F6447155B54230019E8DE /* May10-Info.plist */,
				376F6448155B54230019E8DE /* InfoPlist.strings */,
				376F644B155B54230019E8DE /* main.m */,
				376F644D155B54230019E8DE /* May10-Prefix.pch */,
			);
			name = "Supporting Files";
			sourceTree = "<group>";
		};
/* End PBXGroup section */

/* Begin PBXNativeTarget section */
		376F643A155B54220019E8DE /* May10 */ = {
			isa = PBXNativeTarget;
			buildConfigurationList = 376F645C155B54230019E8DE /* Build configuration list for PBXNativeTarget "May10" */;
			buildPhases = (
				376F6437155B54220019E8DE /* Sources */,
				376F6438155B54220019E8DE /* Frameworks */,
				376F6439155B54220019E8DE /* Resources */,
			);
			buildRules = (
			);
			dependencies = (
			);
			name = May10;
			productName = May10;
			productReference = 376F643B155B54220019E8DE /* May10.app */;
			productType = "com.apple.product-type.application";
		};
/* End PBXNativeTarget section */

/* Begin PBXProject section */
		376F6432155B54220019E8DE /* Project object */ = {
			isa = PBXProject;
			attributes = {
				CLASSPREFIX = May10;
				LastUpgradeCheck = 0430;
				ORGANIZATIONNAME = "Walsh walsh Studio";
			};
			buildConfigurationList = 376F6435155B54220019E8DE /* Build configuration list for PBXProject "May10" */;
			compatibilityVersion = "Xcode 3.2";
			developmentRegion = English;
			hasScannedForEncodings = 0;
			knownRegions = (
				en,
			);
			mainGroup = 376F6430155B54220019E8DE;
			productRefGroup = 376F643C155B54220019E8DE /* Products */;
			projectDirPath = "";
			projectRoot = "";
			targets = (
				376F643A155B54220019E8DE /* May10 */,
			);
		};
/* End PBXProject section */

/* Begin PBXResourcesBuildPhase section */
		376F6439155B54220019E8DE /* Resources */ = {
			isa = PBXResourcesBuildPhase;
			buildActionMask = 2147483647;
			files = (
				376F644A155B54230019E8DE /* InfoPlist.strings in Resources */,
				37D4C27F155BEE98007A2916 /* Icon.png in Resources */,
			);
			runOnlyForDeploymentPostprocessing = 0;
		};
/* End PBXResourcesBuildPhase section */

/* Begin PBXSourcesBuildPhase section */
		376F6437155B54220019E8DE /* Sources */ = {
			isa = PBXSourcesBuildPhase;
			buildActionMask = 2147483647;
			files = (
				376F644C155B54230019E8DE /* main.m in Sources */,
				376F6450155B54230019E8DE /* May10AppDelegate.m in Sources */,
				376F6453155B54230019E8DE /* May10ViewController.m in Sources */,
				376F6461155B55AB0019E8DE /* May10View.m in Sources */,
				376F6464155B56380019E8DE /* Pearl.m in Sources */,
				376F6467155B58240019E8DE /* ModalViewController.m in Sources */,
				376F646A155B58AA0019E8DE /* ModalView.m in Sources */,
			);
			runOnlyForDeploymentPostprocessing = 0;
		};
/* End PBXSourcesBuildPhase section */

/* Begin PBXVariantGroup section */
		376F6448155B54230019E8DE /* InfoPlist.strings */ = {
			isa = PBXVariantGroup;
			children = (
				376F6449155B54230019E8DE /* en */,
			);
			name = InfoPlist.strings;
			sourceTree = "<group>";
		};
/* End PBXVariantGroup section */

/* Begin XCBuildConfiguration section */
		376F645A155B54230019E8DE /* Debug */ = {
			isa = XCBuildConfiguration;
			buildSettings = {
				ALWAYS_SEARCH_USER_PATHS = NO;
				ARCHS = "$(ARCHS_STANDARD_32_BIT)";
				CLANG_ENABLE_OBJC_ARC = YES;
				"CODE_SIGN_IDENTITY[sdk=iphoneos*]" = "iPhone Developer";
				COPY_PHASE_STRIP = NO;
				GCC_C_LANGUAGE_STANDARD = gnu99;
				GCC_DYNAMIC_NO_PIC = NO;
				GCC_OPTIMIZATION_LEVEL = 0;
				GCC_PREPROCESSOR_DEFINITIONS = (
					"DEBUG=1",
					"$(inherited)",
				);
				GCC_SYMBOLS_PRIVATE_EXTERN = NO;
				GCC_VERSION = com.apple.compilers.llvm.clang.1_0;
				GCC_WARN_ABOUT_RETURN_TYPE = YES;
				GCC_WARN_UNINITIALIZED_AUTOS = YES;
				GCC_WARN_UNUSED_VARIABLE = YES;
				IPHONEOS_DEPLOYMENT_TARGET = 5.1;
				SDKROOT = iphoneos;
				TARGETED_DEVICE_FAMILY = "1,2";
			};
			name = Debug;
		};
		376F645B155B54230019E8DE /* Release */ = {
			isa = XCBuildConfiguration;
			buildSettings = {
				ALWAYS_SEARCH_USER_PATHS = NO;
				ARCHS = "$(ARCHS_STANDARD_32_BIT)";
				CLANG_ENABLE_OBJC_ARC = YES;
				"CODE_SIGN_IDENTITY[sdk=iphoneos*]" = "iPhone Developer";
				COPY_PHASE_STRIP = YES;
				GCC_C_LANGUAGE_STANDARD = gnu99;
				GCC_VERSION = com.apple.compilers.llvm.clang.1_0;
				GCC_WARN_ABOUT_RETURN_TYPE = YES;
				GCC_WARN_UNINITIALIZED_AUTOS = YES;
				GCC_WARN_UNUSED_VARIABLE = YES;
				IPHONEOS_DEPLOYMENT_TARGET = 5.1;
				OTHER_CFLAGS = "-DNS_BLOCK_ASSERTIONS=1";
				SDKROOT = iphoneos;
				TARGETED_DEVICE_FAMILY = "1,2";
				VALIDATE_PRODUCT = YES;
			};
			name = Release;
		};
		376F645D155B54230019E8DE /* Debug */ = {
			isa = XCBuildConfiguration;
			buildSettings = {
				GCC_PRECOMPILE_PREFIX_HEADER = YES;
				GCC_PREFIX_HEADER = "May10/May10-Prefix.pch";
				INFOPLIST_FILE = "May10/May10-Info.plist";
				PRODUCT_NAME = "$(TARGET_NAME)";
				WRAPPER_EXTENSION = app;
			};
			name = Debug;
		};
		376F645E155B54230019E8DE /* Release */ = {
			isa = XCBuildConfiguration;
			buildSettings = {
				GCC_PRECOMPILE_PREFIX_HEADER = YES;
				GCC_PREFIX_HEADER = "May10/May10-Prefix.pch";
				INFOPLIST_FILE = "May10/May10-Info.plist";
				PRODUCT_NAME = "$(TARGET_NAME)";
				WRAPPER_EXTENSION = app;
			};
			name = Release;
		};
/* End XCBuildConfiguration section */

/* Begin XCConfigurationList section */
		376F6435155B54220019E8DE /* Build configuration list for PBXProject "May10" */ = {
			isa = XCConfigurationList;
			buildConfigurations = (
				376F645A155B54230019E8DE /* Debug */,
				376F645B155B54230019E8DE /* Release */,
			);
			defaultConfigurationIsVisible = 0;
			defaultConfigurationName = Release;
		};
		376F645C155B54230019E8DE /* Build configuration list for PBXNativeTarget "May10" */ = {
			isa = XCConfigurationList;
			buildConfigurations = (
				376F645D155B54230019E8DE /* Debug */,
				376F645E155B54230019E8DE /* Release */,
			);
			defaultConfigurationIsVisible = 0;
			defaultConfigurationName = Release;
		};
/* End XCConfigurationList section */
	};
	rootObject = 376F6432155B54220019E8DE /* Project object */;
}
